// !$*UTF8*$!
{
	archiveVersion = 1;
	classes = {
	};
	objectVersion = 77;
	objects = {

/* Begin PBXContainerItemProxy section */
		C77AB1A92D07895000AE093B /* PBXContainerItemProxy */ = {
			isa = PBXContainerItemProxy;
			containerPortal = C77AB1902D07894D00AE093B /* Project object */;
			proxyType = 1;
			remoteGlobalIDString = C77AB1972D07894D00AE093B;
			remoteInfo = EliteCoderiOS;
		};
		C77AB1B32D07895000AE093B /* PBXContainerItemProxy */ = {
			isa = PBXContainerItemProxy;
			containerPortal = C77AB1902D07894D00AE093B /* Project object */;
			proxyType = 1;
			remoteGlobalIDString = C77AB1972D07894D00AE093B;
			remoteInfo = EliteCoderiOS;
		};
/* End PBXContainerItemProxy section */

/* Begin PBXFileReference section */
		C77AB1982D07894D00AE093B /* EliteCoderiOS.app */ = {isa = PBXFileReference; explicitFileType = wrapper.application; includeInIndex = 0; path = EliteCoderiOS.app; sourceTree = BUILT_PRODUCTS_DIR; };
		C77AB1A82D07895000AE093B /* EliteCoderiOSTests.xctest */ = {isa = PBXFileReference; explicitFileType = wrapper.cfbundle; includeInIndex = 0; path = EliteCoderiOSTests.xctest; sourceTree = BUILT_PRODUCTS_DIR; };
		C77AB1B22D07895000AE093B /* EliteCoderiOSUITests.xctest */ = {isa = PBXFileReference; explicitFileType = wrapper.cfbundle; includeInIndex = 0; path = EliteCoderiOSUITests.xctest; sourceTree = BUILT_PRODUCTS_DIR; };
/* End PBXFileReference section */

/* Begin PBXFileSystemSynchronizedRootGroup section */
		C77AB19A2D07894D00AE093B /* EliteCoderiOS */ = {
			isa = PBXFileSystemSynchronizedRootGroup;
			path = EliteCoderiOS;
			sourceTree = "<group>";
		};
		C77AB1AB2D07895000AE093B /* EliteCoderiOSTests */ = {
			isa = PBXFileSystemSynchronizedRootGroup;
			path = EliteCoderiOSTests;
			sourceTree = "<group>";
		};
		C77AB1B52D07895000AE093B /* EliteCoderiOSUITests */ = {
			isa = PBXFileSystemSynchronizedRootGroup;
			path = EliteCoderiOSUITests;
			sourceTree = "<group>";
		};
/* End PBXFileSystemSynchronizedRootGroup section */

/* Begin PBXFrameworksBuildPhase section */
		C77AB1952D07894D00AE093B /* Frameworks */ = {
			isa = PBXFrameworksBuildPhase;
			buildActionMask = 2147483647;
			files = (
			);
			runOnlyForDeploymentPostprocessing = 0;
		};
		C77AB1A52D07895000AE093B /* Frameworks */ = {
			isa = PBXFrameworksBuildPhase;
			buildActionMask = 2147483647;
			files = (
			);
			runOnlyForDeploymentPostprocessing = 0;
		};
		C77AB1AF2D07895000AE093B /* Frameworks */ = {
			isa = PBXFrameworksBuildPhase;
			buildActionMask = 2147483647;
			files = (
			);
			runOnlyForDeploymentPostprocessing = 0;
		};
/* End PBXFrameworksBuildPhase section */

/* Begin PBXGroup section */
		C77AB18F2D07894D00AE093B = {
			isa = PBXGroup;
			children = (
				C77AB19A2D07894D00AE093B /* EliteCoderiOS */,
				C77AB1AB2D07895000AE093B /* EliteCoderiOSTests */,
				C77AB1B52D07895000AE093B /* EliteCoderiOSUITests */,
				C77AB1992D07894D00AE093B /* Products */,
			);
			sourceTree = "<group>";
		};
		C77AB1992D07894D00AE093B /* Products */ = {
			isa = PBXGroup;
			children = (
				C77AB1982D07894D00AE093B /* EliteCoderiOS.app */,
				C77AB1A82D07895000AE093B /* EliteCoderiOSTests.xctest */,
				C77AB1B22D07895000AE093B /* EliteCoderiOSUITests.xctest */,
			);
			name = Products;
			sourceTree = "<group>";
		};
/* End PBXGroup section */

/* Begin PBXNativeTarget section */
		C77AB1972D07894D00AE093B /* EliteCoderiOS */ = {
			isa = PBXNativeTarget;
			buildConfigurationList = C77AB1BC2D07895000AE093B /* Build configuration list for PBXNativeTarget "EliteCoderiOS" */;
			buildPhases = (
				C77AB1942D07894D00AE093B /* Sources */,
				C77AB1952D07894D00AE093B /* Frameworks */,
				C77AB1962D07894D00AE093B /* Resources */,
			);
			buildRules = (
			);
			dependencies = (
			);
			fileSystemSynchronizedGroups = (
				C77AB19A2D07894D00AE093B /* EliteCoderiOS */,
			);
			name = EliteCoderiOS;
			packageProductDependencies = (
			);
			productName = EliteCoderiOS;
			productReference = C77AB1982D07894D00AE093B /* EliteCoderiOS.app */;
			productType = "com.apple.product-type.application";
		};
		C77AB1A72D07895000AE093B /* EliteCoderiOSTests */ = {
			isa = PBXNativeTarget;
			buildConfigurationList = C77AB1BF2D07895000AE093B /* Build configuration list for PBXNativeTarget "EliteCoderiOSTests" */;
			buildPhases = (
				C77AB1A42D07895000AE093B /* Sources */,
				C77AB1A52D07895000AE093B /* Frameworks */,
				C77AB1A62D07895000AE093B /* Resources */,
			);
			buildRules = (
			);
			dependencies = (
				C77AB1AA2D07895000AE093B /* PBXTargetDependency */,
			);
			fileSystemSynchronizedGroups = (
				C77AB1AB2D07895000AE093B /* EliteCoderiOSTests */,
			);
			name = EliteCoderiOSTests;
			packageProductDependencies = (
			);
			productName = EliteCoderiOSTests;
			productReference = C77AB1A82D07895000AE093B /* EliteCoderiOSTests.xctest */;
			productType = "com.apple.product-type.bundle.unit-test";
		};
		C77AB1B12D07895000AE093B /* EliteCoderiOSUITests */ = {
			isa = PBXNativeTarget;
			buildConfigurationList = C77AB1C22D07895000AE093B /* Build configuration list for PBXNativeTarget "EliteCoderiOSUITests" */;
			buildPhases = (
				C77AB1AE2D07895000AE093B /* Sources */,
				C77AB1AF2D07895000AE093B /* Frameworks */,
				C77AB1B02D07895000AE093B /* Resources */,
			);
			buildRules = (
			);
			dependencies = (
				C77AB1B42D07895000AE093B /* PBXTargetDependency */,
			);
			fileSystemSynchronizedGroups = (
				C77AB1B52D07895000AE093B /* EliteCoderiOSUITests */,
			);
			name = EliteCoderiOSUITests;
			packageProductDependencies = (
			);
			productName = EliteCoderiOSUITests;
			productReference = C77AB1B22D07895000AE093B /* EliteCoderiOSUITests.xctest */;
			productType = "com.apple.product-type.bundle.ui-testing";
		};
/* End PBXNativeTarget section */

/* Begin PBXProject section */
		C77AB1902D07894D00AE093B /* Project object */ = {
			isa = PBXProject;
			attributes = {
				BuildIndependentTargetsInParallel = 1;
				LastSwiftUpdateCheck = 1610;
				LastUpgradeCheck = 1610;
				TargetAttributes = {
					C77AB1972D07894D00AE093B = {
						CreatedOnToolsVersion = 16.1;
					};
					C77AB1A72D07895000AE093B = {
						CreatedOnToolsVersion = 16.1;
						TestTargetID = C77AB1972D07894D00AE093B;
					};
					C77AB1B12D07895000AE093B = {
						CreatedOnToolsVersion = 16.1;
						TestTargetID = C77AB1972D07894D00AE093B;
					};
				};
			};
			buildConfigurationList = C77AB1932D07894D00AE093B /* Build configuration list for PBXProject "EliteCoderiOS" */;
			developmentRegion = en;
			hasScannedForEncodings = 0;
			knownRegions = (
				en,
				Base,
			);
			mainGroup = C77AB18F2D07894D00AE093B;
			minimizedProjectReferenceProxies = 1;
			preferredProjectObjectVersion = 77;
			productRefGroup = C77AB1992D07894D00AE093B /* Products */;
			projectDirPath = "";
			projectRoot = "";
			targets = (
				C77AB1972D07894D00AE093B /* EliteCoderiOS */,
				C77AB1A72D07895000AE093B /* EliteCoderiOSTests */,
				C77AB1B12D07895000AE093B /* EliteCoderiOSUITests */,
			);
		};
/* End PBXProject section */

/* Begin PBXResourcesBuildPhase section */
		C77AB1962D07894D00AE093B /* Resources */ = {
			isa = PBXResourcesBuildPhase;
			buildActionMask = 2147483647;
			files = (
			);
			runOnlyForDeploymentPostprocessing = 0;
		};
		C77AB1A62D07895000AE093B /* Resources */ = {
			isa = PBXResourcesBuildPhase;
			buildActionMask = 2147483647;
			files = (
			);
			runOnlyForDeploymentPostprocessing = 0;
		};
		C77AB1B02D07895000AE093B /* Resources */ = {
			isa = PBXResourcesBuildPhase;
			buildActionMask = 2147483647;
			files = (
			);
			runOnlyForDeploymentPostprocessing = 0;
		};
/* End PBXResourcesBuildPhase section */

/* Begin PBXSourcesBuildPhase section */
		C77AB1942D07894D00AE093B /* Sources */ = {
			isa = PBXSourcesBuildPhase;
			buildActionMask = 2147483647;
			files = (
			);
			runOnlyForDeploymentPostprocessing = 0;
		};
		C77AB1A42D07895000AE093B /* Sources */ = {
			isa = PBXSourcesBuildPhase;
			buildActionMask = 2147483647;
			files = (
			);
			runOnlyForDeploymentPostprocessing = 0;
		};
		C77AB1AE2D07895000AE093B /* Sources */ = {
			isa = PBXSourcesBuildPhase;
			buildActionMask = 2147483647;
			files = (
			);
			runOnlyForDeploymentPostprocessing = 0;
		};
/* End PBXSourcesBuildPhase section */

/* Begin PBXTargetDependency section */
		C77AB1AA2D07895000AE093B /* PBXTargetDependency */ = {
			isa = PBXTargetDependency;
			target = C77AB1972D07894D00AE093B /* EliteCoderiOS */;
			targetProxy = C77AB1A92D07895000AE093B /* PBXContainerItemProxy */;
		};
		C77AB1B42D07895000AE093B /* PBXTargetDependency */ = {
			isa = PBXTargetDependency;
			target = C77AB1972D07894D00AE093B /* EliteCoderiOS */;
			targetProxy = C77AB1B32D07895000AE093B /* PBXContainerItemProxy */;
		};
/* End PBXTargetDependency section */

/* Begin XCBuildConfiguration section */
		C77AB1BA2D07895000AE093B /* Debug */ = {
			isa = XCBuildConfiguration;
			buildSettings = {
				ALWAYS_SEARCH_USER_PATHS = NO;
				ASSETCATALOG_COMPILER_GENERATE_SWIFT_ASSET_SYMBOL_EXTENSIONS = YES;
				CLANG_ANALYZER_NONNULL = YES;
				CLANG_ANALYZER_NUMBER_OBJECT_CONVERSION = YES_AGGRESSIVE;
				CLANG_CXX_LANGUAGE_STANDARD = "gnu++20";
				CLANG_ENABLE_MODULES = YES;
				CLANG_ENABLE_OBJC_ARC = YES;
				CLANG_ENABLE_OBJC_WEAK = YES;
				CLANG_WARN_BLOCK_CAPTURE_AUTORELEASING = YES;
				CLANG_WARN_BOOL_CONVERSION = YES;
				CLANG_WARN_COMMA = YES;
				CLANG_WARN_CONSTANT_CONVERSION = YES;
				CLANG_WARN_DEPRECATED_OBJC_IMPLEMENTATIONS = YES;
				CLANG_WARN_DIRECT_OBJC_ISA_USAGE = YES_ERROR;
				CLANG_WARN_DOCUMENTATION_COMMENTS = YES;
				CLANG_WARN_EMPTY_BODY = YES;
				CLANG_WARN_ENUM_CONVERSION = YES;
				CLANG_WARN_INFINITE_RECURSION = YES;
				CLANG_WARN_INT_CONVERSION = YES;
				CLANG_WARN_NON_LITERAL_NULL_CONVERSION = YES;
				CLANG_WARN_OBJC_IMPLICIT_RETAIN_SELF = YES;
				CLANG_WARN_OBJC_LITERAL_CONVERSION = YES;
				CLANG_WARN_OBJC_ROOT_CLASS = YES_ERROR;
				CLANG_WARN_QUOTED_INCLUDE_IN_FRAMEWORK_HEADER = YES;
				CLANG_WARN_RANGE_LOOP_ANALYSIS = YES;
				CLANG_WARN_STRICT_PROTOTYPES = YES;
				CLANG_WARN_SUSPICIOUS_MOVE = YES;
				CLANG_WARN_UNGUARDED_AVAILABILITY = YES_AGGRESSIVE;
				CLANG_WARN_UNREACHABLE_CODE = YES;
				CLANG_WARN__DUPLICATE_METHOD_MATCH = YES;
				COPY_PHASE_STRIP = NO;
				DEBUG_INFORMATION_FORMAT = dwarf;
				ENABLE_STRICT_OBJC_MSGSEND = YES;
				ENABLE_TESTABILITY = YES;
				ENABLE_USER_SCRIPT_SANDBOXING = YES;
				GCC_C_LANGUAGE_STANDARD = gnu17;
				GCC_DYNAMIC_NO_PIC = NO;
				GCC_NO_COMMON_BLOCKS = YES;
				GCC_OPTIMIZATION_LEVEL = 0;
				GCC_PREPROCESSOR_DEFINITIONS = (
					"DEBUG=1",
					"$(inherited)",
				);
				GCC_WARN_64_TO_32_BIT_CONVERSION = YES;
				GCC_WARN_ABOUT_RETURN_TYPE = YES_ERROR;
				GCC_WARN_UNDECLARED_SELECTOR = YES;
				GCC_WARN_UNINITIALIZED_AUTOS = YES_AGGRESSIVE;
				GCC_WARN_UNUSED_FUNCTION = YES;
				GCC_WARN_UNUSED_VARIABLE = YES;
				IPHONEOS_DEPLOYMENT_TARGET = 18.1;
				LOCALIZATION_PREFERS_STRING_CATALOGS = YES;
				MTL_ENABLE_DEBUG_INFO = INCLUDE_SOURCE;
				MTL_FAST_MATH = YES;
				ONLY_ACTIVE_ARCH = YES;
				SDKROOT = iphoneos;
				SWIFT_ACTIVE_COMPILATION_CONDITIONS = "DEBUG $(inherited)";
				SWIFT_OPTIMIZATION_LEVEL = "-Onone";
			};
			name = Debug;
		};
		C77AB1BB2D07895000AE093B /* Release */ = {
			isa = XCBuildConfiguration;
			buildSettings = {
				ALWAYS_SEARCH_USER_PATHS = NO;
				ASSETCATALOG_COMPILER_GENERATE_SWIFT_ASSET_SYMBOL_EXTENSIONS = YES;
				CLANG_ANALYZER_NONNULL = YES;
				CLANG_ANALYZER_NUMBER_OBJECT_CONVERSION = YES_AGGRESSIVE;
				CLANG_CXX_LANGUAGE_STANDARD = "gnu++20";
				CLANG_ENABLE_MODULES = YES;
				CLANG_ENABLE_OBJC_ARC = YES;
				CLANG_ENABLE_OBJC_WEAK = YES;
				CLANG_WARN_BLOCK_CAPTURE_AUTORELEASING = YES;
				CLANG_WARN_BOOL_CONVERSION = YES;
				CLANG_WARN_COMMA = YES;
				CLANG_WARN_CONSTANT_CONVERSION = YES;
				CLANG_WARN_DEPRECATED_OBJC_IMPLEMENTATIONS = YES;
				CLANG_WARN_DIRECT_OBJC_ISA_USAGE = YES_ERROR;
				CLANG_WARN_DOCUMENTATION_COMMENTS = YES;
				CLANG_WARN_EMPTY_BODY = YES;
				CLANG_WARN_ENUM_CONVERSION = YES;
				CLANG_WARN_INFINITE_RECURSION = YES;
				CLANG_WARN_INT_CONVERSION = YES;
				CLANG_WARN_NON_LITERAL_NULL_CONVERSION = YES;
				CLANG_WARN_OBJC_IMPLICIT_RETAIN_SELF = YES;
				CLANG_WARN_OBJC_LITERAL_CONVERSION = YES;
				CLANG_WARN_OBJC_ROOT_CLASS = YES_ERROR;
				CLANG_WARN_QUOTED_INCLUDE_IN_FRAMEWORK_HEADER = YES;
				CLANG_WARN_RANGE_LOOP_ANALYSIS = YES;
				CLANG_WARN_STRICT_PROTOTYPES = YES;
				CLANG_WARN_SUSPICIOUS_MOVE = YES;
				CLANG_WARN_UNGUARDED_AVAILABILITY = YES_AGGRESSIVE;
				CLANG_WARN_UNREACHABLE_CODE = YES;
				CLANG_WARN__DUPLICATE_METHOD_MATCH = YES;
				COPY_PHASE_STRIP = NO;
				DEBUG_INFORMATION_FORMAT = "dwarf-with-dsym";
				ENABLE_NS_ASSERTIONS = NO;
				ENABLE_STRICT_OBJC_MSGSEND = YES;
				ENABLE_USER_SCRIPT_SANDBOXING = YES;
				GCC_C_LANGUAGE_STANDARD = gnu17;
				GCC_NO_COMMON_BLOCKS = YES;
				GCC_WARN_64_TO_32_BIT_CONVERSION = YES;
				GCC_WARN_ABOUT_RETURN_TYPE = YES_ERROR;
				GCC_WARN_UNDECLARED_SELECTOR = YES;
				GCC_WARN_UNINITIALIZED_AUTOS = YES_AGGRESSIVE;
				GCC_WARN_UNUSED_FUNCTION = YES;
				GCC_WARN_UNUSED_VARIABLE = YES;
				IPHONEOS_DEPLOYMENT_TARGET = 18.1;
				LOCALIZATION_PREFERS_STRING_CATALOGS = YES;
				MTL_ENABLE_DEBUG_INFO = NO;
				MTL_FAST_MATH = YES;
				SDKROOT = iphoneos;
				SWIFT_COMPILATION_MODE = wholemodule;
				VALIDATE_PRODUCT = YES;
			};
			name = Release;
		};
		C77AB1BD2D07895000AE093B /* Debug */ = {
			isa = XCBuildConfiguration;
			buildSettings = {
				ASSETCATALOG_COMPILER_APPICON_NAME = AppIcon;
				ASSETCATALOG_COMPILER_GLOBAL_ACCENT_COLOR_NAME = AccentColor;
				CODE_SIGN_STYLE = Automatic;
				CURRENT_PROJECT_VERSION = 1;
				DEVELOPMENT_ASSET_PATHS = "\"EliteCoderiOS/Preview Content\"";
				ENABLE_PREVIEWS = YES;
				GENERATE_INFOPLIST_FILE = YES;
				INFOPLIST_KEY_UIApplicationSceneManifest_Generation = YES;
				INFOPLIST_KEY_UIApplicationSupportsIndirectInputEvents = YES;
				INFOPLIST_KEY_UILaunchScreen_Generation = YES;
				INFOPLIST_KEY_UISupportedInterfaceOrientations_iPad = "UIInterfaceOrientationPortrait UIInterfaceOrientationPortraitUpsideDown UIInterfaceOrientationLandscapeLeft UIInterfaceOrientationLandscapeRight";
				INFOPLIST_KEY_UISupportedInterfaceOrientations_iPhone = "UIInterfaceOrientationPortrait UIInterfaceOrientationLandscapeLeft UIInterfaceOrientationLandscapeRight";
				LD_RUNPATH_SEARCH_PATHS = (
					"$(inherited)",
					"@executable_path/Frameworks",
				);
				MARKETING_VERSION = 1.0;
				PRODUCT_BUNDLE_IDENTIFIER = EliteApps.EliteCoderiOS;
				PRODUCT_NAME = "$(TARGET_NAME)";
				SWIFT_EMIT_LOC_STRINGS = YES;
				SWIFT_VERSION = 5.0;
				TARGETED_DEVICE_FAMILY = "1,2";
			};
			name = Debug;
		};
		C77AB1BE2D07895000AE093B /* Release */ = {
			isa = XCBuildConfiguration;
			buildSettings = {
				ASSETCATALOG_COMPILER_APPICON_NAME = AppIcon;
				ASSETCATALOG_COMPILER_GLOBAL_ACCENT_COLOR_NAME = AccentColor;
				CODE_SIGN_STYLE = Automatic;
				CURRENT_PROJECT_VERSION = 1;
				DEVELOPMENT_ASSET_PATHS = "\"EliteCoderiOS/Preview Content\"";
				ENABLE_PREVIEWS = YES;
				GENERATE_INFOPLIST_FILE = YES;
				INFOPLIST_KEY_UIApplicationSceneManifest_Generation = YES;
				INFOPLIST_KEY_UIApplicationSupportsIndirectInputEvents = YES;
				INFOPLIST_KEY_UILaunchScreen_Generation = YES;
				INFOPLIST_KEY_UISupportedInterfaceOrientations_iPad = "UIInterfaceOrientationPortrait UIInterfaceOrientationPortraitUpsideDown UIInterfaceOrientationLandscapeLeft UIInterfaceOrientationLandscapeRight";
				INFOPLIST_KEY_UISupportedInterfaceOrientations_iPhone = "UIInterfaceOrientationPortrait UIInterfaceOrientationLandscapeLeft UIInterfaceOrientationLandscapeRight";
				LD_RUNPATH_SEARCH_PATHS = (
					"$(inherited)",
					"@executable_path/Frameworks",
				);
				MARKETING_VERSION = 1.0;
				PRODUCT_BUNDLE_IDENTIFIER = EliteApps.EliteCoderiOS;
				PRODUCT_NAME = "$(TARGET_NAME)";
				SWIFT_EMIT_LOC_STRINGS = YES;
				SWIFT_VERSION = 5.0;
				TARGETED_DEVICE_FAMILY = "1,2";
			};
			name = Release;
		};
		C77AB1C02D07895000AE093B /* Debug */ = {
			isa = XCBuildConfiguration;
			buildSettings = {
				BUNDLE_LOADER = "$(TEST_HOST)";
				CODE_SIGN_STYLE = Automatic;
				CURRENT_PROJECT_VERSION = 1;
				GENERATE_INFOPLIST_FILE = YES;
				IPHONEOS_DEPLOYMENT_TARGET = 18.1;
				MARKETING_VERSION = 1.0;
				PRODUCT_BUNDLE_IDENTIFIER = EliteApps.EliteCoderiOSTests;
				PRODUCT_NAME = "$(TARGET_NAME)";
				SWIFT_EMIT_LOC_STRINGS = NO;
				SWIFT_VERSION = 5.0;
				TARGETED_DEVICE_FAMILY = "1,2";
				TEST_HOST = "$(BUILT_PRODUCTS_DIR)/EliteCoderiOS.app/$(BUNDLE_EXECUTABLE_FOLDER_PATH)/EliteCoderiOS";
			};
			name = Debug;
		};
		C77AB1C12D07895000AE093B /* Release */ = {
			isa = XCBuildConfiguration;
			buildSettings = {
				BUNDLE_LOADER = "$(TEST_HOST)";
				CODE_SIGN_STYLE = Automatic;
				CURRENT_PROJECT_VERSION = 1;
				GENERATE_INFOPLIST_FILE = YES;
				IPHONEOS_DEPLOYMENT_TARGET = 18.1;
				MARKETING_VERSION = 1.0;
				PRODUCT_BUNDLE_IDENTIFIER = EliteApps.EliteCoderiOSTests;
				PRODUCT_NAME = "$(TARGET_NAME)";
				SWIFT_EMIT_LOC_STRINGS = NO;
				SWIFT_VERSION = 5.0;
				TARGETED_DEVICE_FAMILY = "1,2";
				TEST_HOST = "$(BUILT_PRODUCTS_DIR)/EliteCoderiOS.app/$(BUNDLE_EXECUTABLE_FOLDER_PATH)/EliteCoderiOS";
			};
			name = Release;
		};
		C77AB1C32D07895000AE093B /* Debug */ = {
			isa = XCBuildConfiguration;
			buildSettings = {
				CODE_SIGN_STYLE = Automatic;
				CURRENT_PROJECT_VERSION = 1;
				GENERATE_INFOPLIST_FILE = YES;
				MARKETING_VERSION = 1.0;
				PRODUCT_BUNDLE_IDENTIFIER = EliteApps.EliteCoderiOSUITests;
				PRODUCT_NAME = "$(TARGET_NAME)";
				SWIFT_EMIT_LOC_STRINGS = NO;
				SWIFT_VERSION = 5.0;
				TARGETED_DEVICE_FAMILY = "1,2";
				TEST_TARGET_NAME = EliteCoderiOS;
			};
			name = Debug;
		};
		C77AB1C42D07895000AE093B /* Release */ = {
			isa = XCBuildConfiguration;
			buildSettings = {
				CODE_SIGN_STYLE = Automatic;
				CURRENT_PROJECT_VERSION = 1;
				GENERATE_INFOPLIST_FILE = YES;
				MARKETING_VERSION = 1.0;
				PRODUCT_BUNDLE_IDENTIFIER = EliteApps.EliteCoderiOSUITests;
				PRODUCT_NAME = "$(TARGET_NAME)";
				SWIFT_EMIT_LOC_STRINGS = NO;
				SWIFT_VERSION = 5.0;
				TARGETED_DEVICE_FAMILY = "1,2";
				TEST_TARGET_NAME = EliteCoderiOS;
			};
			name = Release;
		};
/* End XCBuildConfiguration section */

/* Begin XCConfigurationList section */
		C77AB1932D07894D00AE093B /* Build configuration list for PBXProject "EliteCoderiOS" */ = {
			isa = XCConfigurationList;
			buildConfigurations = (
				C77AB1BA2D07895000AE093B /* Debug */,
				C77AB1BB2D07895000AE093B /* Release */,
			);
			defaultConfigurationIsVisible = 0;
			defaultConfigurationName = Release;
		};
		C77AB1BC2D07895000AE093B /* Build configuration list for PBXNativeTarget "EliteCoderiOS" */ = {
			isa = XCConfigurationList;
			buildConfigurations = (
				C77AB1BD2D07895000AE093B /* Debug */,
				C77AB1BE2D07895000AE093B /* Release */,
			);
			defaultConfigurationIsVisible = 0;
			defaultConfigurationName = Release;
		};
		C77AB1BF2D07895000AE093B /* Build configuration list for PBXNativeTarget "EliteCoderiOSTests" */ = {
			isa = XCConfigurationList;
			buildConfigurations = (
				C77AB1C02D07895000AE093B /* Debug */,
				C77AB1C12D07895000AE093B /* Release */,
			);
			defaultConfigurationIsVisible = 0;
			defaultConfigurationName = Release;
		};
		C77AB1C22D07895000AE093B /* Build configuration list for PBXNativeTarget "EliteCoderiOSUITests" */ = {
			isa = XCConfigurationList;
			buildConfigurations = (
				C77AB1C32D07895000AE093B /* Debug */,
				C77AB1C42D07895000AE093B /* Release */,
			);
			defaultConfigurationIsVisible = 0;
			defaultConfigurationName = Release;
		};
/* End XCConfigurationList section */
	};
	rootObject = C77AB1902D07894D00AE093B /* Project object */;
}
